
Microsoft Visual Studio Solution File, Format Version 12.00
# Visual Studio Version 16
VisualStudioVersion = 16.0.29905.134
MinimumVisualStudioVersion = 10.0.40219.1
Project("{FAE04EC0-301F-11D3-BF4B-00C04F79EFBC}") = "PhoneClient.UWP", "PhoneClient\PhoneClient.UWP\PhoneClient.UWP.csproj", "{117AFEA6-E79C-4DC5-9453-2C595228F26E}"
EndProject
Project("{FAE04EC0-301F-11D3-BF4B-00C04F79EFBC}") = "PhoneClient.Android", "PhoneClient\PhoneClient.Android\PhoneClient.Android.csproj", "{18AEFD88-AA49-4E29-9C4C-1ADFD206546A}"
EndProject
Project("{9A19103F-16F7-4668-BE54-9A1E7A4F7556}") = "PhoneClient", "PhoneClient\PhoneClient\PhoneClient.csproj", "{E9DB0505-9545-4471-B071-7AC8B11905C7}"
EndProject
Project("{9A19103F-16F7-4668-BE54-9A1E7A4F7556}") = "DesktopServer", "DesktopServer\DesktopServer.csproj", "{A01F0A5E-CCBB-4CB5-AEE6-319E99E8EC62}"
EndProject
Project("{9A19103F-16F7-4668-BE54-9A1E7A4F7556}") = "MobileMovieManager.DAL", "MobileMovieManager.DAL\MobileMovieManager.DAL.csproj", "{E996BE7E-3F21-410D-8480-4D8066101D56}"
EndProject
Project("{9A19103F-16F7-4668-BE54-9A1E7A4F7556}") = "MobileMovieManager.BLL", "MobileMovieManager.BLL\MobileMovieManager.BLL.csproj", "{70FC96AF-9ECA-490C-8409-D8E94C21A80A}"
EndProject
Global
	GlobalSection(SolutionConfigurationPlatforms) = preSolution
		Debug|Any CPU = Debug|Any CPU
		Debug|ARM = Debug|ARM
		Debug|x64 = Debug|x64
		Debug|x86 = Debug|x86
		Release|Any CPU = Release|Any CPU
		Release|ARM = Release|ARM
		Release|x64 = Release|x64
		Release|x86 = Release|x86
	EndGlobalSection
	GlobalSection(ProjectConfigurationPlatforms) = postSolution
		{117AFEA6-E79C-4DC5-9453-2C595228F26E}.Debug|Any CPU.ActiveCfg = Debug|x86
		{117AFEA6-E79C-4DC5-9453-2C595228F26E}.Debug|ARM.ActiveCfg = Debug|ARM
		{117AFEA6-E79C-4DC5-9453-2C595228F26E}.Debug|ARM.Build.0 = Debug|ARM
		{117AFEA6-E79C-4DC5-9453-2C595228F26E}.Debug|ARM.Deploy.0 = Debug|ARM
		{117AFEA6-E79C-4DC5-9453-2C595228F26E}.Debug|x64.ActiveCfg = Debug|x64
		{117AFEA6-E79C-4DC5-9453-2C595228F26E}.Debug|x64.Build.0 = Debug|x64
		{117AFEA6-E79C-4DC5-9453-2C595228F26E}.Debug|x64.Deploy.0 = Debug|x64
		{117AFEA6-E79C-4DC5-9453-2C595228F26E}.Debug|x86.ActiveCfg = Debug|x86
		{117AFEA6-E79C-4DC5-9453-2C595228F26E}.Debug|x86.Build.0 = Debug|x86
		{117AFEA6-E79C-4DC5-9453-2C595228F26E}.Debug|x86.Deploy.0 = Debug|x86
		{117AFEA6-E79C-4DC5-9453-2C595228F26E}.Release|Any CPU.ActiveCfg = Release|x86
		{117AFEA6-E79C-4DC5-9453-2C595228F26E}.Release|ARM.ActiveCfg = Release|ARM
		{117AFEA6-E79C-4DC5-9453-2C595228F26E}.Release|ARM.Build.0 = Release|ARM
		{117AFEA6-E79C-4DC5-9453-2C595228F26E}.Release|ARM.Deploy.0 = Release|ARM
		{117AFEA6-E79C-4DC5-9453-2C595228F26E}.Release|x64.ActiveCfg = Release|x64
		{117AFEA6-E79C-4DC5-9453-2C595228F26E}.Release|x64.Build.0 = Release|x64
		{117AFEA6-E79C-4DC5-9453-2C595228F26E}.Release|x64.Deploy.0 = Release|x64
		{117AFEA6-E79C-4DC5-9453-2C595228F26E}.Release|x86.ActiveCfg = Release|x86
		{117AFEA6-E79C-4DC5-9453-2C595228F26E}.Release|x86.Build.0 = Release|x86
		{117AFEA6-E79C-4DC5-9453-2C595228F26E}.Release|x86.Deploy.0 = Release|x86
		{18AEFD88-AA49-4E29-9C4C-1ADFD206546A}.Debug|Any CPU.ActiveCfg = Debug|Any CPU
		{18AEFD88-AA49-4E29-9C4C-1ADFD206546A}.Debug|Any CPU.Build.0 = Debug|Any CPU
		{18AEFD88-AA49-4E29-9C4C-1ADFD206546A}.Debug|Any CPU.Deploy.0 = Debug|Any CPU
		{18AEFD88-AA49-4E29-9C4C-1ADFD206546A}.Debug|ARM.ActiveCfg = Debug|Any CPU
		{18AEFD88-AA49-4E29-9C4C-1ADFD206546A}.Debug|ARM.Build.0 = Debug|Any CPU
		{18AEFD88-AA49-4E29-9C4C-1ADFD206546A}.Debug|ARM.Deploy.0 = Debug|Any CPU
		{18AEFD88-AA49-4E29-9C4C-1ADFD206546A}.Debug|x64.ActiveCfg = Debug|Any CPU
		{18AEFD88-AA49-4E29-9C4C-1ADFD206546A}.Debug|x64.Build.0 = Debug|Any CPU
		{18AEFD88-AA49-4E29-9C4C-1ADFD206546A}.Debug|x64.Deploy.0 = Debug|Any CPU
		{18AEFD88-AA49-4E29-9C4C-1ADFD206546A}.Debug|x86.ActiveCfg = Debug|Any CPU
		{18AEFD88-AA49-4E29-9C4C-1ADFD206546A}.Debug|x86.Build.0 = Debug|Any CPU
		{18AEFD88-AA49-4E29-9C4C-1ADFD206546A}.Debug|x86.Deploy.0 = Debug|Any CPU
		{18AEFD88-AA49-4E29-9C4C-1ADFD206546A}.Release|Any CPU.ActiveCfg = Release|Any CPU
		{18AEFD88-AA49-4E29-9C4C-1ADFD206546A}.Release|Any CPU.Build.0 = Release|Any CPU
		{18AEFD88-AA49-4E29-9C4C-1ADFD206546A}.Release|Any CPU.Deploy.0 = Release|Any CPU
		{18AEFD88-AA49-4E29-9C4C-1ADFD206546A}.Release|ARM.ActiveCfg = Release|Any CPU
		{18AEFD88-AA49-4E29-9C4C-1ADFD206546A}.Release|ARM.Build.0 = Release|Any CPU
		{18AEFD88-AA49-4E29-9C4C-1ADFD206546A}.Release|ARM.Deploy.0 = Release|Any CPU
		{18AEFD88-AA49-4E29-9C4C-1ADFD206546A}.Release|x64.ActiveCfg = Release|Any CPU
		{18AEFD88-AA49-4E29-9C4C-1ADFD206546A}.Release|x64.Build.0 = Release|Any CPU
		{18AEFD88-AA49-4E29-9C4C-1ADFD206546A}.Release|x64.Deploy.0 = Release|Any CPU
		{18AEFD88-AA49-4E29-9C4C-1ADFD206546A}.Release|x86.ActiveCfg = Release|Any CPU
		{18AEFD88-AA49-4E29-9C4C-1ADFD206546A}.Release|x86.Build.0 = Release|Any CPU
		{18AEFD88-AA49-4E29-9C4C-1ADFD206546A}.Release|x86.Deploy.0 = Release|Any CPU
		{E9DB0505-9545-4471-B071-7AC8B11905C7}.Debug|Any CPU.ActiveCfg = Debug|Any CPU
		{E9DB0505-9545-4471-B071-7AC8B11905C7}.Debug|Any CPU.Build.0 = Debug|Any CPU
		{E9DB0505-9545-4471-B071-7AC8B11905C7}.Debug|ARM.ActiveCfg = Debug|Any CPU
		{E9DB0505-9545-4471-B071-7AC8B11905C7}.Debug|ARM.Build.0 = Debug|Any CPU
		{E9DB0505-9545-4471-B071-7AC8B11905C7}.Debug|x64.ActiveCfg = Debug|Any CPU
		{E9DB0505-9545-4471-B071-7AC8B11905C7}.Debug|x64.Build.0 = Debug|Any CPU
		{E9DB0505-9545-4471-B071-7AC8B11905C7}.Debug|x86.ActiveCfg = Debug|Any CPU
		{E9DB0505-9545-4471-B071-7AC8B11905C7}.Debug|x86.Build.0 = Debug|Any CPU
		{E9DB0505-9545-4471-B071-7AC8B11905C7}.Release|Any CPU.ActiveCfg = Release|Any CPU
		{E9DB0505-9545-4471-B071-7AC8B11905C7}.Release|Any CPU.Build.0 = Release|Any CPU
		{E9DB0505-9545-4471-B071-7AC8B11905C7}.Release|ARM.ActiveCfg = Release|Any CPU
		{E9DB0505-9545-4471-B071-7AC8B11905C7}.Release|ARM.Build.0 = Release|Any CPU
		{E9DB0505-9545-4471-B071-7AC8B11905C7}.Release|x64.ActiveCfg = Release|Any CPU
		{E9DB0505-9545-4471-B071-7AC8B11905C7}.Release|x64.Build.0 = Release|Any CPU
		{E9DB0505-9545-4471-B071-7AC8B11905C7}.Release|x86.ActiveCfg = Release|Any CPU
		{E9DB0505-9545-4471-B071-7AC8B11905C7}.Release|x86.Build.0 = Release|Any CPU
		{A01F0A5E-CCBB-4CB5-AEE6-319E99E8EC62}.Debug|Any CPU.ActiveCfg = Debug|Any CPU
		{A01F0A5E-CCBB-4CB5-AEE6-319E99E8EC62}.Debug|Any CPU.Build.0 = Debug|Any CPU
		{A01F0A5E-CCBB-4CB5-AEE6-319E99E8EC62}.Debug|ARM.ActiveCfg = Debug|Any CPU
		{A01F0A5E-CCBB-4CB5-AEE6-319E99E8EC62}.Debug|ARM.Build.0 = Debug|Any CPU
		{A01F0A5E-CCBB-4CB5-AEE6-319E99E8EC62}.Debug|x64.ActiveCfg = Debug|Any CPU
		{A01F0A5E-CCBB-4CB5-AEE6-319E99E8EC62}.Debug|x64.Build.0 = Debug|Any CPU
		{A01F0A5E-CCBB-4CB5-AEE6-319E99E8EC62}.Debug|x86.ActiveCfg = Debug|Any CPU
		{A01F0A5E-CCBB-4CB5-AEE6-319E99E8EC62}.Debug|x86.Build.0 = Debug|Any CPU
		{A01F0A5E-CCBB-4CB5-AEE6-319E99E8EC62}.Release|Any CPU.ActiveCfg = Release|Any CPU
		{A01F0A5E-CCBB-4CB5-AEE6-319E99E8EC62}.Release|Any CPU.Build.0 = Release|Any CPU
		{A01F0A5E-CCBB-4CB5-AEE6-319E99E8EC62}.Release|ARM.ActiveCfg = Release|Any CPU
		{A01F0A5E-CCBB-4CB5-AEE6-319E99E8EC62}.Release|ARM.Build.0 = Release|Any CPU
		{A01F0A5E-CCBB-4CB5-AEE6-319E99E8EC62}.Release|x64.ActiveCfg = Release|Any CPU
		{A01F0A5E-CCBB-4CB5-AEE6-319E99E8EC62}.Release|x64.Build.0 = Release|Any CPU
		{A01F0A5E-CCBB-4CB5-AEE6-319E99E8EC62}.Release|x86.ActiveCfg = Release|Any CPU
		{A01F0A5E-CCBB-4CB5-AEE6-319E99E8EC62}.Release|x86.Build.0 = Release|Any CPU
		{E996BE7E-3F21-410D-8480-4D8066101D56}.Debug|Any CPU.ActiveCfg = Debug|Any CPU
		{E996BE7E-3F21-410D-8480-4D8066101D56}.Debug|Any CPU.Build.0 = Debug|Any CPU
		{E996BE7E-3F21-410D-8480-4D8066101D56}.Debug|ARM.ActiveCfg = Debug|Any CPU
		{E996BE7E-3F21-410D-8480-4D8066101D56}.Debug|ARM.Build.0 = Debug|Any CPU
		{E996BE7E-3F21-410D-8480-4D8066101D56}.Debug|x64.ActiveCfg = Debug|Any CPU
		{E996BE7E-3F21-410D-8480-4D8066101D56}.Debug|x64.Build.0 = Debug|Any CPU
		{E996BE7E-3F21-410D-8480-4D8066101D56}.Debug|x86.ActiveCfg = Debug|Any CPU
		{E996BE7E-3F21-410D-8480-4D8066101D56}.Debug|x86.Build.0 = Debug|Any CPU
		{E996BE7E-3F21-410D-8480-4D8066101D56}.Release|Any CPU.ActiveCfg = Release|Any CPU
		{E996BE7E-3F21-410D-8480-4D8066101D56}.Release|Any CPU.Build.0 = Release|Any CPU
		{E996BE7E-3F21-410D-8480-4D8066101D56}.Release|ARM.ActiveCfg = Release|Any CPU
		{E996BE7E-3F21-410D-8480-4D8066101D56}.Release|ARM.Build.0 = Release|Any CPU
		{E996BE7E-3F21-410D-8480-4D8066101D56}.Release|x64.ActiveCfg = Release|Any CPU
		{E996BE7E-3F21-410D-8480-4D8066101D56}.Release|x64.Build.0 = Release|Any CPU
		{E996BE7E-3F21-410D-8480-4D8066101D56}.Release|x86.ActiveCfg = Release|Any CPU
		{E996BE7E-3F21-410D-8480-4D8066101D56}.Release|x86.Build.0 = Release|Any CPU
		{70FC96AF-9ECA-490C-8409-D8E94C21A80A}.Debug|Any CPU.ActiveCfg = Debug|Any CPU
		{70FC96AF-9ECA-490C-8409-D8E94C21A80A}.Debug|Any CPU.Build.0 = Debug|Any CPU
		{70FC96AF-9ECA-490C-8409-D8E94C21A80A}.Debug|ARM.ActiveCfg = Debug|Any CPU
		{70FC96AF-9ECA-490C-8409-D8E94C21A80A}.Debug|ARM.Build.0 = Debug|Any CPU
		{70FC96AF-9ECA-490C-8409-D8E94C21A80A}.Debug|x64.ActiveCfg = Debug|Any CPU
		{70FC96AF-9ECA-490C-8409-D8E94C21A80A}.Debug|x64.Build.0 = Debug|Any CPU
		{70FC96AF-9ECA-490C-8409-D8E94C21A80A}.Debug|x86.ActiveCfg = Debug|Any CPU
		{70FC96AF-9ECA-490C-8409-D8E94C21A80A}.Debug|x86.Build.0 = Debug|Any CPU
		{70FC96AF-9ECA-490C-8409-D8E94C21A80A}.Release|Any CPU.ActiveCfg = Release|Any CPU
		{70FC96AF-9ECA-490C-8409-D8E94C21A80A}.Release|Any CPU.Build.0 = Release|Any CPU
		{70FC96AF-9ECA-490C-8409-D8E94C21A80A}.Release|ARM.ActiveCfg = Release|Any CPU
		{70FC96AF-9ECA-490C-8409-D8E94C21A80A}.Release|ARM.Build.0 = Release|Any CPU
		{70FC96AF-9ECA-490C-8409-D8E94C21A80A}.Release|x64.ActiveCfg = Release|Any CPU
		{70FC96AF-9ECA-490C-8409-D8E94C21A80A}.Release|x64.Build.0 = Release|Any CPU
		{70FC96AF-9ECA-490C-8409-D8E94C21A80A}.Release|x86.ActiveCfg = Release|Any CPU
		{70FC96AF-9ECA-490C-8409-D8E94C21A80A}.Release|x86.Build.0 = Release|Any CPU
	EndGlobalSection
	GlobalSection(SolutionProperties) = preSolution
		HideSolutionNode = FALSE
	EndGlobalSection
	GlobalSection(ExtensibilityGlobals) = postSolution
		SolutionGuid = {55C5269C-A8AD-44E9-B6D5-FEBF8A51D5B1}
	EndGlobalSection
EndGlobal
